
Microsoft Visual Studio Solution File, Format Version 12.00
# Visual Studio Version 16
VisualStudioVersion = 16.0.30907.101
MinimumVisualStudioVersion = 10.0.40219.1
Project("{9A19103F-16F7-4668-BE54-9A1E7A4F7556}") = "Campintro", "Campintro\Campintro.csproj", "{39274E68-ECA3-40EC-99D3-29C7C03546D3}"
EndProject
Project("{9A19103F-16F7-4668-BE54-9A1E7A4F7556}") = "Donguler", "Donguler\Donguler.csproj", "{8C5FB0E8-E253-46C2-9B9D-807B6B63B37A}"
EndProject
Project("{9A19103F-16F7-4668-BE54-9A1E7A4F7556}") = "ClassIntro", "ClassIntro\ClassIntro.csproj", "{31DBC33E-3550-4B34-A204-37ABA931DF1C}"
EndProject
Project("{9A19103F-16F7-4668-BE54-9A1E7A4F7556}") = "Products", "Products\Products.csproj", "{61345399-56EE-44F0-AEFF-CB51593AF22B}"
EndProject
Project("{9A19103F-16F7-4668-BE54-9A1E7A4F7556}") = "Methods", "Methods\Methods.csproj", "{E3C3B5DC-BA29-4472-B607-9ED4966DC6CD}"
EndProject
Project("{9A19103F-16F7-4668-BE54-9A1E7A4F7556}") = "Matematik", "Matematik\Matematik.csproj", "{A53B6952-A8AA-4967-8DFF-B218512C035D}"
EndProject
Project("{9A19103F-16F7-4668-BE54-9A1E7A4F7556}") = "DegerveReferansTipler", "DegerveReferansTipler\DegerveReferansTipler.csproj", "{1DC8CFD6-6FC8-4FB5-BFE4-BEEA17BBD22F}"
EndProject
Project("{9A19103F-16F7-4668-BE54-9A1E7A4F7556}") = "OOP1", "OOP1\OOP1.csproj", "{D92EA626-169C-4773-B517-DC823DC6C070}"
EndProject
Project("{9A19103F-16F7-4668-BE54-9A1E7A4F7556}") = "Collections", "Collections\Collections.csproj", "{841880F0-643B-45FD-A06B-84A6655E765E}"
EndProject
Project("{9A19103F-16F7-4668-BE54-9A1E7A4F7556}") = "GenericsIntro", "GenericsIntro\GenericsIntro.csproj", "{2BFC3A23-AD18-4C60-AE39-90FDCDAE26A0}"
EndProject
Project("{9A19103F-16F7-4668-BE54-9A1E7A4F7556}") = "ClassMethodsDemo", "ClassMethodsDemo\ClassMethodsDemo.csproj", "{EC6EA99A-5411-47CA-9B50-7A2CB36EA512}"
EndProject
Project("{FAE04EC0-301F-11D3-BF4B-00C04F79EFBC}") = "OOP2", "OOP2\OOP2.csproj", "{DAF86A1D-1056-467B-908A-7E4587A86D26}"
EndProject
Project("{FAE04EC0-301F-11D3-BF4B-00C04F79EFBC}") = "OOP3", "OOP3\OOP3.csproj", "{8DC3B55B-071C-4F0F-9285-A266B37B59C1}"
EndProject
Global
	GlobalSection(SolutionConfigurationPlatforms) = preSolution
		Debug|Any CPU = Debug|Any CPU
		Release|Any CPU = Release|Any CPU
	EndGlobalSection
	GlobalSection(ProjectConfigurationPlatforms) = postSolution
		{39274E68-ECA3-40EC-99D3-29C7C03546D3}.Debug|Any CPU.ActiveCfg = Debug|Any CPU
		{39274E68-ECA3-40EC-99D3-29C7C03546D3}.Debug|Any CPU.Build.0 = Debug|Any CPU
		{39274E68-ECA3-40EC-99D3-29C7C03546D3}.Release|Any CPU.ActiveCfg = Release|Any CPU
		{39274E68-ECA3-40EC-99D3-29C7C03546D3}.Release|Any CPU.Build.0 = Release|Any CPU
		{8C5FB0E8-E253-46C2-9B9D-807B6B63B37A}.Debug|Any CPU.ActiveCfg = Debug|Any CPU
		{8C5FB0E8-E253-46C2-9B9D-807B6B63B37A}.Debug|Any CPU.Build.0 = Debug|Any CPU
		{8C5FB0E8-E253-46C2-9B9D-807B6B63B37A}.Release|Any CPU.ActiveCfg = Release|Any CPU
		{8C5FB0E8-E253-46C2-9B9D-807B6B63B37A}.Release|Any CPU.Build.0 = Release|Any CPU
		{31DBC33E-3550-4B34-A204-37ABA931DF1C}.Debug|Any CPU.ActiveCfg = Debug|Any CPU
		{31DBC33E-3550-4B34-A204-37ABA931DF1C}.Debug|Any CPU.Build.0 = Debug|Any CPU
		{31DBC33E-3550-4B34-A204-37ABA931DF1C}.Release|Any CPU.ActiveCfg = Release|Any CPU
		{31DBC33E-3550-4B34-A204-37ABA931DF1C}.Release|Any CPU.Build.0 = Release|Any CPU
		{61345399-56EE-44F0-AEFF-CB51593AF22B}.Debug|Any CPU.ActiveCfg = Debug|Any CPU
		{61345399-56EE-44F0-AEFF-CB51593AF22B}.Debug|Any CPU.Build.0 = Debug|Any CPU
		{61345399-56EE-44F0-AEFF-CB51593AF22B}.Release|Any CPU.ActiveCfg = Release|Any CPU
		{61345399-56EE-44F0-AEFF-CB51593AF22B}.Release|Any CPU.Build.0 = Release|Any CPU
		{E3C3B5DC-BA29-4472-B607-9ED4966DC6CD}.Debug|Any CPU.ActiveCfg = Debug|Any CPU
		{E3C3B5DC-BA29-4472-B607-9ED4966DC6CD}.Debug|Any CPU.Build.0 = Debug|Any CPU
		{E3C3B5DC-BA29-4472-B607-9ED4966DC6CD}.Release|Any CPU.ActiveCfg = Release|Any CPU
		{E3C3B5DC-BA29-4472-B607-9ED4966DC6CD}.Release|Any CPU.Build.0 = Release|Any CPU
		{A53B6952-A8AA-4967-8DFF-B218512C035D}.Debug|Any CPU.ActiveCfg = Debug|Any CPU
		{A53B6952-A8AA-4967-8DFF-B218512C035D}.Debug|Any CPU.Build.0 = Debug|Any CPU
		{A53B6952-A8AA-4967-8DFF-B218512C035D}.Release|Any CPU.ActiveCfg = Release|Any CPU
		{A53B6952-A8AA-4967-8DFF-B218512C035D}.Release|Any CPU.Build.0 = Release|Any CPU
		{1DC8CFD6-6FC8-4FB5-BFE4-BEEA17BBD22F}.Debug|Any CPU.ActiveCfg = Debug|Any CPU
		{1DC8CFD6-6FC8-4FB5-BFE4-BEEA17BBD22F}.Debug|Any CPU.Build.0 = Debug|Any CPU
		{1DC8CFD6-6FC8-4FB5-BFE4-BEEA17BBD22F}.Release|Any CPU.ActiveCfg = Release|Any CPU
		{1DC8CFD6-6FC8-4FB5-BFE4-BEEA17BBD22F}.Release|Any CPU.Build.0 = Release|Any CPU
		{D92EA626-169C-4773-B517-DC823DC6C070}.Debug|Any CPU.ActiveCfg = Debug|Any CPU
		{D92EA626-169C-4773-B517-DC823DC6C070}.Debug|Any CPU.Build.0 = Debug|Any CPU
		{D92EA626-169C-4773-B517-DC823DC6C070}.Release|Any CPU.ActiveCfg = Release|Any CPU
		{D92EA626-169C-4773-B517-DC823DC6C070}.Release|Any CPU.Build.0 = Release|Any CPU
		{841880F0-643B-45FD-A06B-84A6655E765E}.Debug|Any CPU.ActiveCfg = Debug|Any CPU
		{841880F0-643B-45FD-A06B-84A6655E765E}.Debug|Any CPU.Build.0 = Debug|Any CPU
		{841880F0-643B-45FD-A06B-84A6655E765E}.Release|Any CPU.ActiveCfg = Release|Any CPU
		{841880F0-643B-45FD-A06B-84A6655E765E}.Release|Any CPU.Build.0 = Release|Any CPU
		{2BFC3A23-AD18-4C60-AE39-90FDCDAE26A0}.Debug|Any CPU.ActiveCfg = Debug|Any CPU
		{2BFC3A23-AD18-4C60-AE39-90FDCDAE26A0}.Debug|Any CPU.Build.0 = Debug|Any CPU
		{2BFC3A23-AD18-4C60-AE39-90FDCDAE26A0}.Release|Any CPU.ActiveCfg = Release|Any CPU
		{2BFC3A23-AD18-4C60-AE39-90FDCDAE26A0}.Release|Any CPU.Build.0 = Release|Any CPU
		{EC6EA99A-5411-47CA-9B50-7A2CB36EA512}.Debug|Any CPU.ActiveCfg = Debug|Any CPU
		{EC6EA99A-5411-47CA-9B50-7A2CB36EA512}.Debug|Any CPU.Build.0 = Debug|Any CPU
		{EC6EA99A-5411-47CA-9B50-7A2CB36EA512}.Release|Any CPU.ActiveCfg = Release|Any CPU
		{EC6EA99A-5411-47CA-9B50-7A2CB36EA512}.Release|Any CPU.Build.0 = Release|Any CPU
		{DAF86A1D-1056-467B-908A-7E4587A86D26}.Debug|Any CPU.ActiveCfg = Debug|Any CPU
		{DAF86A1D-1056-467B-908A-7E4587A86D26}.Debug|Any CPU.Build.0 = Debug|Any CPU
		{DAF86A1D-1056-467B-908A-7E4587A86D26}.Release|Any CPU.ActiveCfg = Release|Any CPU
		{DAF86A1D-1056-467B-908A-7E4587A86D26}.Release|Any CPU.Build.0 = Release|Any CPU
		{8DC3B55B-071C-4F0F-9285-A266B37B59C1}.Debug|Any CPU.ActiveCfg = Debug|Any CPU
		{8DC3B55B-071C-4F0F-9285-A266B37B59C1}.Debug|Any CPU.Build.0 = Debug|Any CPU
		{8DC3B55B-071C-4F0F-9285-A266B37B59C1}.Release|Any CPU.ActiveCfg = Release|Any CPU
		{8DC3B55B-071C-4F0F-9285-A266B37B59C1}.Release|Any CPU.Build.0 = Release|Any CPU
	EndGlobalSection
	GlobalSection(SolutionProperties) = preSolution
		HideSolutionNode = FALSE
	EndGlobalSection
	GlobalSection(ExtensibilityGlobals) = postSolution
		SolutionGuid = {B88CD6E7-3135-4E59-84F5-BB13DB8E2970}
	EndGlobalSection
EndGlobal
